
Microsoft Visual Studio Solution File, Format Version 12.00
# Visual Studio Version 16
VisualStudioVersion = 16.0.31402.337
MinimumVisualStudioVersion = 10.0.40219.1
Project("{9A19103F-16F7-4668-BE54-9A1E7A4F7556}") = "OlioJaPeriytymisharjoitus", "OlioJaPeriytymisharjoitus\OlioJaPeriytymisharjoitus.csproj", "{26D56264-6D8B-452E-BC6C-FA3552581017}"
EndProject
Project("{FAE04EC0-301F-11D3-BF4B-00C04F79EFBC}") = "OlioJaPeriytymisharjoitusTests", "OlioJaPeriytymisharjoitusTests\OlioJaPeriytymisharjoitusTests.csproj", "{94EE4658-73A6-4D13-B31F-5A51ED705C42}"
EndProject
Global
	GlobalSection(SolutionConfigurationPlatforms) = preSolution
		Debug|Any CPU = Debug|Any CPU
		Release|Any CPU = Release|Any CPU
	EndGlobalSection
	GlobalSection(ProjectConfigurationPlatforms) = postSolution
		{26D56264-6D8B-452E-BC6C-FA3552581017}.Debug|Any CPU.ActiveCfg = Debug|Any CPU
		{26D56264-6D8B-452E-BC6C-FA3552581017}.Debug|Any CPU.Build.0 = Debug|Any CPU
		{26D56264-6D8B-452E-BC6C-FA3552581017}.Release|Any CPU.ActiveCfg = Release|Any CPU
		{26D56264-6D8B-452E-BC6C-FA3552581017}.Release|Any CPU.Build.0 = Release|Any CPU
		{94EE4658-73A6-4D13-B31F-5A51ED705C42}.Debug|Any CPU.ActiveCfg = Debug|Any CPU
		{94EE4658-73A6-4D13-B31F-5A51ED705C42}.Debug|Any CPU.Build.0 = Debug|Any CPU
		{94EE4658-73A6-4D13-B31F-5A51ED705C42}.Release|Any CPU.ActiveCfg = Release|Any CPU
		{94EE4658-73A6-4D13-B31F-5A51ED705C42}.Release|Any CPU.Build.0 = Release|Any CPU
	EndGlobalSection
	GlobalSection(SolutionProperties) = preSolution
		HideSolutionNode = FALSE
	EndGlobalSection
	GlobalSection(ExtensibilityGlobals) = postSolution
		SolutionGuid = {A66D1C48-3782-4EDE-9DF3-CAD5CDFE3736}
	EndGlobalSection
EndGlobal
