
Microsoft Visual Studio Solution File, Format Version 12.00
# Visual Studio Version 16
VisualStudioVersion = 16.0.31402.337
MinimumVisualStudioVersion = 10.0.40219.1
Project("{FAE04EC0-301F-11D3-BF4B-00C04F79EFBC}") = "ParametriHarjoitukset", "ParametriHarjoitukset\ParametriHarjoitukset.csproj", "{F4EE40C2-175A-4600-9A11-4DF98416D79C}"
EndProject
Global
	GlobalSection(SolutionConfigurationPlatforms) = preSolution
		Debug|Any CPU = Debug|Any CPU
		Release|Any CPU = Release|Any CPU
	EndGlobalSection
	GlobalSection(ProjectConfigurationPlatforms) = postSolution
		{F4EE40C2-175A-4600-9A11-4DF98416D79C}.Debug|Any CPU.ActiveCfg = Debug|Any CPU
		{F4EE40C2-175A-4600-9A11-4DF98416D79C}.Debug|Any CPU.Build.0 = Debug|Any CPU
		{F4EE40C2-175A-4600-9A11-4DF98416D79C}.Release|Any CPU.ActiveCfg = Release|Any CPU
		{F4EE40C2-175A-4600-9A11-4DF98416D79C}.Release|Any CPU.Build.0 = Release|Any CPU
	EndGlobalSection
	GlobalSection(SolutionProperties) = preSolution
		HideSolutionNode = FALSE
	EndGlobalSection
	GlobalSection(ExtensibilityGlobals) = postSolution
		SolutionGuid = {B9F22C98-E41C-49EE-B2F4-46117D165E56}
	EndGlobalSection
EndGlobal
