
Microsoft Visual Studio Solution File, Format Version 12.00
# Visual Studio Version 16
VisualStudioVersion = 16.0.31402.337
MinimumVisualStudioVersion = 10.0.40219.1
Project("{FAE04EC0-301F-11D3-BF4B-00C04F79EFBC}") = "Viitenumeroita", "Viitenumeroita\Viitenumeroita.csproj", "{A6575153-C7CF-4C04-88C9-FDB2A344732C}"
EndProject
Global
	GlobalSection(SolutionConfigurationPlatforms) = preSolution
		Debug|Any CPU = Debug|Any CPU
		Release|Any CPU = Release|Any CPU
	EndGlobalSection
	GlobalSection(ProjectConfigurationPlatforms) = postSolution
		{A6575153-C7CF-4C04-88C9-FDB2A344732C}.Debug|Any CPU.ActiveCfg = Debug|Any CPU
		{A6575153-C7CF-4C04-88C9-FDB2A344732C}.Debug|Any CPU.Build.0 = Debug|Any CPU
		{A6575153-C7CF-4C04-88C9-FDB2A344732C}.Release|Any CPU.ActiveCfg = Release|Any CPU
		{A6575153-C7CF-4C04-88C9-FDB2A344732C}.Release|Any CPU.Build.0 = Release|Any CPU
	EndGlobalSection
	GlobalSection(SolutionProperties) = preSolution
		HideSolutionNode = FALSE
	EndGlobalSection
	GlobalSection(ExtensibilityGlobals) = postSolution
		SolutionGuid = {CE78F2D9-0B05-4E6F-9170-093A6D695566}
	EndGlobalSection
EndGlobal
