
Microsoft Visual Studio Solution File, Format Version 12.00
# Visual Studio Version 16
VisualStudioVersion = 16.0.31402.337
MinimumVisualStudioVersion = 10.0.40219.1
Project("{FAE04EC0-301F-11D3-BF4B-00C04F79EFBC}") = "ConsoleApp3", "ConsoleApp3\ConsoleApp3.csproj", "{A836CAC3-0011-459E-AB82-E8926BB140BA}"
EndProject
Global
	GlobalSection(SolutionConfigurationPlatforms) = preSolution
		Debug|Any CPU = Debug|Any CPU
		Release|Any CPU = Release|Any CPU
	EndGlobalSection
	GlobalSection(ProjectConfigurationPlatforms) = postSolution
		{A836CAC3-0011-459E-AB82-E8926BB140BA}.Debug|Any CPU.ActiveCfg = Debug|Any CPU
		{A836CAC3-0011-459E-AB82-E8926BB140BA}.Debug|Any CPU.Build.0 = Debug|Any CPU
		{A836CAC3-0011-459E-AB82-E8926BB140BA}.Release|Any CPU.ActiveCfg = Release|Any CPU
		{A836CAC3-0011-459E-AB82-E8926BB140BA}.Release|Any CPU.Build.0 = Release|Any CPU
	EndGlobalSection
	GlobalSection(SolutionProperties) = preSolution
		HideSolutionNode = FALSE
	EndGlobalSection
	GlobalSection(ExtensibilityGlobals) = postSolution
		SolutionGuid = {E8674099-8F88-4F98-8DDA-1BC42F99DCD6}
	EndGlobalSection
EndGlobal
