
Microsoft Visual Studio Solution File, Format Version 12.00
# Visual Studio Version 16
VisualStudioVersion = 16.0.31402.337
MinimumVisualStudioVersion = 10.0.40219.1
Project("{9A19103F-16F7-4668-BE54-9A1E7A4F7556}") = "HenkilöLuokka", "HenkilöLuokka\HenkilöLuokka.csproj", "{755ED6BC-5693-4EA3-927F-706543F48BE1}"
EndProject
Project("{9A19103F-16F7-4668-BE54-9A1E7A4F7556}") = "HenkilöTesteri", "HenkilöTesteri\HenkilöTesteri.csproj", "{1135AF84-C323-4290-91F5-9DD9492C9F20}"
EndProject
Project("{FAE04EC0-301F-11D3-BF4B-00C04F79EFBC}") = "Osoite", "Osoite\Osoite.csproj", "{9047C04B-1433-499A-8FD2-F551F61352A2}"
EndProject
Global
	GlobalSection(SolutionConfigurationPlatforms) = preSolution
		Debug|Any CPU = Debug|Any CPU
		Release|Any CPU = Release|Any CPU
	EndGlobalSection
	GlobalSection(ProjectConfigurationPlatforms) = postSolution
		{755ED6BC-5693-4EA3-927F-706543F48BE1}.Debug|Any CPU.ActiveCfg = Debug|Any CPU
		{755ED6BC-5693-4EA3-927F-706543F48BE1}.Debug|Any CPU.Build.0 = Debug|Any CPU
		{755ED6BC-5693-4EA3-927F-706543F48BE1}.Release|Any CPU.ActiveCfg = Release|Any CPU
		{755ED6BC-5693-4EA3-927F-706543F48BE1}.Release|Any CPU.Build.0 = Release|Any CPU
		{1135AF84-C323-4290-91F5-9DD9492C9F20}.Debug|Any CPU.ActiveCfg = Debug|Any CPU
		{1135AF84-C323-4290-91F5-9DD9492C9F20}.Debug|Any CPU.Build.0 = Debug|Any CPU
		{1135AF84-C323-4290-91F5-9DD9492C9F20}.Release|Any CPU.ActiveCfg = Release|Any CPU
		{1135AF84-C323-4290-91F5-9DD9492C9F20}.Release|Any CPU.Build.0 = Release|Any CPU
		{9047C04B-1433-499A-8FD2-F551F61352A2}.Debug|Any CPU.ActiveCfg = Debug|Any CPU
		{9047C04B-1433-499A-8FD2-F551F61352A2}.Debug|Any CPU.Build.0 = Debug|Any CPU
		{9047C04B-1433-499A-8FD2-F551F61352A2}.Release|Any CPU.ActiveCfg = Release|Any CPU
		{9047C04B-1433-499A-8FD2-F551F61352A2}.Release|Any CPU.Build.0 = Release|Any CPU
	EndGlobalSection
	GlobalSection(SolutionProperties) = preSolution
		HideSolutionNode = FALSE
	EndGlobalSection
	GlobalSection(ExtensibilityGlobals) = postSolution
		SolutionGuid = {F8550CA1-3711-4FFD-9066-3B099C9DB193}
	EndGlobalSection
EndGlobal
