
Microsoft Visual Studio Solution File, Format Version 12.00
# Visual Studio Version 16
VisualStudioVersion = 16.0.31424.327
MinimumVisualStudioVersion = 10.0.40219.1
Project("{9A19103F-16F7-4668-BE54-9A1E7A4F7556}") = "LaskentaaYms", "LaskentaaYms\LaskentaaYms.csproj", "{780B0E9D-B0BC-4EB1-A553-532D0E287709}"
EndProject
Project("{9A19103F-16F7-4668-BE54-9A1E7A4F7556}") = "LaskentaaYmsTests", "LaskentaaYmsTests\LaskentaaYmsTests.csproj", "{4BBAB180-068F-4B72-B9BF-A778E1A38579}"
EndProject
Global
	GlobalSection(SolutionConfigurationPlatforms) = preSolution
		Debug|Any CPU = Debug|Any CPU
		Release|Any CPU = Release|Any CPU
	EndGlobalSection
	GlobalSection(ProjectConfigurationPlatforms) = postSolution
		{780B0E9D-B0BC-4EB1-A553-532D0E287709}.Debug|Any CPU.ActiveCfg = Debug|Any CPU
		{780B0E9D-B0BC-4EB1-A553-532D0E287709}.Debug|Any CPU.Build.0 = Debug|Any CPU
		{780B0E9D-B0BC-4EB1-A553-532D0E287709}.Release|Any CPU.ActiveCfg = Release|Any CPU
		{780B0E9D-B0BC-4EB1-A553-532D0E287709}.Release|Any CPU.Build.0 = Release|Any CPU
		{4BBAB180-068F-4B72-B9BF-A778E1A38579}.Debug|Any CPU.ActiveCfg = Debug|Any CPU
		{4BBAB180-068F-4B72-B9BF-A778E1A38579}.Debug|Any CPU.Build.0 = Debug|Any CPU
		{4BBAB180-068F-4B72-B9BF-A778E1A38579}.Release|Any CPU.ActiveCfg = Release|Any CPU
		{4BBAB180-068F-4B72-B9BF-A778E1A38579}.Release|Any CPU.Build.0 = Release|Any CPU
	EndGlobalSection
	GlobalSection(SolutionProperties) = preSolution
		HideSolutionNode = FALSE
	EndGlobalSection
	GlobalSection(ExtensibilityGlobals) = postSolution
		SolutionGuid = {FCFCA683-6402-4124-AF3C-A19E0EDBF509}
	EndGlobalSection
EndGlobal
