
Microsoft Visual Studio Solution File, Format Version 12.00
# Visual Studio Version 16
VisualStudioVersion = 16.0.31402.337
MinimumVisualStudioVersion = 10.0.40219.1
Project("{9A19103F-16F7-4668-BE54-9A1E7A4F7556}") = "Tarkistin", "Tarkistin\Tarkistin.csproj", "{C9BF6F34-68A8-41E7-AB21-F2AA1BC3D97D}"
EndProject
Project("{9A19103F-16F7-4668-BE54-9A1E7A4F7556}") = "TarkistinTests", "TarkistinTests\TarkistinTests.csproj", "{D27518D4-4CBA-436A-85F7-7B5D914FEB3A}"
EndProject
Project("{9A19103F-16F7-4668-BE54-9A1E7A4F7556}") = "TarkistinTests1", "TarkistinTests1\TarkistinTests1.csproj", "{F20E74DE-3EE2-44B7-B442-A1AE6EDB5808}"
EndProject
Global
	GlobalSection(SolutionConfigurationPlatforms) = preSolution
		Debug|Any CPU = Debug|Any CPU
		Release|Any CPU = Release|Any CPU
	EndGlobalSection
	GlobalSection(ProjectConfigurationPlatforms) = postSolution
		{C9BF6F34-68A8-41E7-AB21-F2AA1BC3D97D}.Debug|Any CPU.ActiveCfg = Debug|Any CPU
		{C9BF6F34-68A8-41E7-AB21-F2AA1BC3D97D}.Debug|Any CPU.Build.0 = Debug|Any CPU
		{C9BF6F34-68A8-41E7-AB21-F2AA1BC3D97D}.Release|Any CPU.ActiveCfg = Release|Any CPU
		{C9BF6F34-68A8-41E7-AB21-F2AA1BC3D97D}.Release|Any CPU.Build.0 = Release|Any CPU
		{D27518D4-4CBA-436A-85F7-7B5D914FEB3A}.Debug|Any CPU.ActiveCfg = Debug|Any CPU
		{D27518D4-4CBA-436A-85F7-7B5D914FEB3A}.Debug|Any CPU.Build.0 = Debug|Any CPU
		{D27518D4-4CBA-436A-85F7-7B5D914FEB3A}.Release|Any CPU.ActiveCfg = Release|Any CPU
		{D27518D4-4CBA-436A-85F7-7B5D914FEB3A}.Release|Any CPU.Build.0 = Release|Any CPU
		{F20E74DE-3EE2-44B7-B442-A1AE6EDB5808}.Debug|Any CPU.ActiveCfg = Debug|Any CPU
		{F20E74DE-3EE2-44B7-B442-A1AE6EDB5808}.Debug|Any CPU.Build.0 = Debug|Any CPU
		{F20E74DE-3EE2-44B7-B442-A1AE6EDB5808}.Release|Any CPU.ActiveCfg = Release|Any CPU
		{F20E74DE-3EE2-44B7-B442-A1AE6EDB5808}.Release|Any CPU.Build.0 = Release|Any CPU
	EndGlobalSection
	GlobalSection(SolutionProperties) = preSolution
		HideSolutionNode = FALSE
	EndGlobalSection
	GlobalSection(ExtensibilityGlobals) = postSolution
		SolutionGuid = {12D69F08-817B-4DCB-A33B-72021EF6103B}
	EndGlobalSection
EndGlobal
