
Microsoft Visual Studio Solution File, Format Version 12.00
# Visual Studio Version 16
VisualStudioVersion = 16.0.31402.337
MinimumVisualStudioVersion = 10.0.40219.1
Project("{FAE04EC0-301F-11D3-BF4B-00C04F79EFBC}") = "RyhmäEsittely", "Esittely\RyhmäEsittely.csproj", "{C92E3C34-65A5-4E55-AC40-BF27F20261CD}"
EndProject
Global
	GlobalSection(SolutionConfigurationPlatforms) = preSolution
		Debug|Any CPU = Debug|Any CPU
		Release|Any CPU = Release|Any CPU
	EndGlobalSection
	GlobalSection(ProjectConfigurationPlatforms) = postSolution
		{C92E3C34-65A5-4E55-AC40-BF27F20261CD}.Debug|Any CPU.ActiveCfg = Debug|Any CPU
		{C92E3C34-65A5-4E55-AC40-BF27F20261CD}.Debug|Any CPU.Build.0 = Debug|Any CPU
		{C92E3C34-65A5-4E55-AC40-BF27F20261CD}.Release|Any CPU.ActiveCfg = Release|Any CPU
		{C92E3C34-65A5-4E55-AC40-BF27F20261CD}.Release|Any CPU.Build.0 = Release|Any CPU
	EndGlobalSection
	GlobalSection(SolutionProperties) = preSolution
		HideSolutionNode = FALSE
	EndGlobalSection
	GlobalSection(ExtensibilityGlobals) = postSolution
		SolutionGuid = {5A064336-F6D0-4799-947D-7CB8DE06EF09}
	EndGlobalSection
EndGlobal
