
Microsoft Visual Studio Solution File, Format Version 12.00
# Visual Studio Version 16
VisualStudioVersion = 16.0.31229.75
MinimumVisualStudioVersion = 10.0.40219.1
Project("{FAE04EC0-301F-11D3-BF4B-00C04F79EFBC}") = "Exercise4", "Exercise4\Exercise4.csproj", "{F13320A8-0291-427F-9360-ABBC5C73D10F}"
EndProject
Global
	GlobalSection(SolutionConfigurationPlatforms) = preSolution
		Debug|Any CPU = Debug|Any CPU
		Release|Any CPU = Release|Any CPU
	EndGlobalSection
	GlobalSection(ProjectConfigurationPlatforms) = postSolution
		{F13320A8-0291-427F-9360-ABBC5C73D10F}.Debug|Any CPU.ActiveCfg = Debug|Any CPU
		{F13320A8-0291-427F-9360-ABBC5C73D10F}.Debug|Any CPU.Build.0 = Debug|Any CPU
		{F13320A8-0291-427F-9360-ABBC5C73D10F}.Release|Any CPU.ActiveCfg = Release|Any CPU
		{F13320A8-0291-427F-9360-ABBC5C73D10F}.Release|Any CPU.Build.0 = Release|Any CPU
	EndGlobalSection
	GlobalSection(SolutionProperties) = preSolution
		HideSolutionNode = FALSE
	EndGlobalSection
	GlobalSection(ExtensibilityGlobals) = postSolution
		SolutionGuid = {D9A03860-C9F3-4E65-8315-CD09639BB699}
	EndGlobalSection
EndGlobal
