
Microsoft Visual Studio Solution File, Format Version 12.00
# Visual Studio Version 16
VisualStudioVersion = 16.0.31402.337
MinimumVisualStudioVersion = 10.0.40219.1
Project("{FAE04EC0-301F-11D3-BF4B-00C04F79EFBC}") = "Checkpoint2_2", "Checkpoint2_2\Checkpoint2_2.csproj", "{27A0845D-F5FB-4AB1-9B54-3D7C8A26B7C7}"
EndProject
Global
	GlobalSection(SolutionConfigurationPlatforms) = preSolution
		Debug|Any CPU = Debug|Any CPU
		Release|Any CPU = Release|Any CPU
	EndGlobalSection
	GlobalSection(ProjectConfigurationPlatforms) = postSolution
		{27A0845D-F5FB-4AB1-9B54-3D7C8A26B7C7}.Debug|Any CPU.ActiveCfg = Debug|Any CPU
		{27A0845D-F5FB-4AB1-9B54-3D7C8A26B7C7}.Debug|Any CPU.Build.0 = Debug|Any CPU
		{27A0845D-F5FB-4AB1-9B54-3D7C8A26B7C7}.Release|Any CPU.ActiveCfg = Release|Any CPU
		{27A0845D-F5FB-4AB1-9B54-3D7C8A26B7C7}.Release|Any CPU.Build.0 = Release|Any CPU
	EndGlobalSection
	GlobalSection(SolutionProperties) = preSolution
		HideSolutionNode = FALSE
	EndGlobalSection
	GlobalSection(ExtensibilityGlobals) = postSolution
		SolutionGuid = {D712C4C3-CB8A-4EE8-B8C7-507EE62D10A2}
	EndGlobalSection
EndGlobal
